
Microsoft Visual Studio Solution File, Format Version 12.00
# Visual Studio 15
VisualStudioVersion = 15.0.28307.438
MinimumVisualStudioVersion = 10.0.40219.1
Project("{FAE04EC0-301F-11D3-BF4B-00C04F79EFBC}") = "RealEstateXamarin.Android", "RealEstateXamarin\RealEstateXamarin.Android\RealEstateXamarin.Android.csproj", "{4566ADEE-C375-41FF-B293-E9FA67F9686B}"
EndProject
Project("{FAE04EC0-301F-11D3-BF4B-00C04F79EFBC}") = "RealEstateXamarin.iOS", "RealEstateXamarin\RealEstateXamarin.iOS\RealEstateXamarin.iOS.csproj", "{9B2C616F-A910-47C1-AD22-C550D7D7395B}"
EndProject
Project("{FAE04EC0-301F-11D3-BF4B-00C04F79EFBC}") = "RealEstateXamarin", "RealEstateXamarin\RealEstateXamarin\RealEstateXamarin.csproj", "{EEC733B2-3612-4874-B13D-4203EFE9814F}"
EndProject
Global
	GlobalSection(SolutionConfigurationPlatforms) = preSolution
		Ad-Hoc|Any CPU = Ad-Hoc|Any CPU
		Ad-Hoc|iPhone = Ad-Hoc|iPhone
		Ad-Hoc|iPhoneSimulator = Ad-Hoc|iPhoneSimulator
		AppStore|Any CPU = AppStore|Any CPU
		AppStore|iPhone = AppStore|iPhone
		AppStore|iPhoneSimulator = AppStore|iPhoneSimulator
		Debug|Any CPU = Debug|Any CPU
		Debug|iPhone = Debug|iPhone
		Debug|iPhoneSimulator = Debug|iPhoneSimulator
		Release|Any CPU = Release|Any CPU
		Release|iPhone = Release|iPhone
		Release|iPhoneSimulator = Release|iPhoneSimulator
	EndGlobalSection
	GlobalSection(ProjectConfigurationPlatforms) = postSolution
		{4566ADEE-C375-41FF-B293-E9FA67F9686B}.Ad-Hoc|Any CPU.ActiveCfg = Release|Any CPU
		{4566ADEE-C375-41FF-B293-E9FA67F9686B}.Ad-Hoc|Any CPU.Build.0 = Release|Any CPU
		{4566ADEE-C375-41FF-B293-E9FA67F9686B}.Ad-Hoc|Any CPU.Deploy.0 = Release|Any CPU
		{4566ADEE-C375-41FF-B293-E9FA67F9686B}.Ad-Hoc|iPhone.ActiveCfg = Release|Any CPU
		{4566ADEE-C375-41FF-B293-E9FA67F9686B}.Ad-Hoc|iPhone.Build.0 = Release|Any CPU
		{4566ADEE-C375-41FF-B293-E9FA67F9686B}.Ad-Hoc|iPhone.Deploy.0 = Release|Any CPU
		{4566ADEE-C375-41FF-B293-E9FA67F9686B}.Ad-Hoc|iPhoneSimulator.ActiveCfg = Release|Any CPU
		{4566ADEE-C375-41FF-B293-E9FA67F9686B}.Ad-Hoc|iPhoneSimulator.Build.0 = Release|Any CPU
		{4566ADEE-C375-41FF-B293-E9FA67F9686B}.Ad-Hoc|iPhoneSimulator.Deploy.0 = Release|Any CPU
		{4566ADEE-C375-41FF-B293-E9FA67F9686B}.AppStore|Any CPU.ActiveCfg = Release|Any CPU
		{4566ADEE-C375-41FF-B293-E9FA67F9686B}.AppStore|Any CPU.Build.0 = Release|Any CPU
		{4566ADEE-C375-41FF-B293-E9FA67F9686B}.AppStore|Any CPU.Deploy.0 = Release|Any CPU
		{4566ADEE-C375-41FF-B293-E9FA67F9686B}.AppStore|iPhone.ActiveCfg = Release|Any CPU
		{4566ADEE-C375-41FF-B293-E9FA67F9686B}.AppStore|iPhone.Build.0 = Release|Any CPU
		{4566ADEE-C375-41FF-B293-E9FA67F9686B}.AppStore|iPhone.Deploy.0 = Release|Any CPU
		{4566ADEE-C375-41FF-B293-E9FA67F9686B}.AppStore|iPhoneSimulator.ActiveCfg = Release|Any CPU
		{4566ADEE-C375-41FF-B293-E9FA67F9686B}.AppStore|iPhoneSimulator.Build.0 = Release|Any CPU
		{4566ADEE-C375-41FF-B293-E9FA67F9686B}.AppStore|iPhoneSimulator.Deploy.0 = Release|Any CPU
		{4566ADEE-C375-41FF-B293-E9FA67F9686B}.Debug|Any CPU.ActiveCfg = Debug|Any CPU
		{4566ADEE-C375-41FF-B293-E9FA67F9686B}.Debug|Any CPU.Build.0 = Debug|Any CPU
		{4566ADEE-C375-41FF-B293-E9FA67F9686B}.Debug|Any CPU.Deploy.0 = Debug|Any CPU
		{4566ADEE-C375-41FF-B293-E9FA67F9686B}.Debug|iPhone.ActiveCfg = Debug|Any CPU
		{4566ADEE-C375-41FF-B293-E9FA67F9686B}.Debug|iPhone.Build.0 = Debug|Any CPU
		{4566ADEE-C375-41FF-B293-E9FA67F9686B}.Debug|iPhone.Deploy.0 = Debug|Any CPU
		{4566ADEE-C375-41FF-B293-E9FA67F9686B}.Debug|iPhoneSimulator.ActiveCfg = Debug|Any CPU
		{4566ADEE-C375-41FF-B293-E9FA67F9686B}.Debug|iPhoneSimulator.Build.0 = Debug|Any CPU
		{4566ADEE-C375-41FF-B293-E9FA67F9686B}.Debug|iPhoneSimulator.Deploy.0 = Debug|Any CPU
		{4566ADEE-C375-41FF-B293-E9FA67F9686B}.Release|Any CPU.ActiveCfg = Release|Any CPU
		{4566ADEE-C375-41FF-B293-E9FA67F9686B}.Release|Any CPU.Build.0 = Release|Any CPU
		{4566ADEE-C375-41FF-B293-E9FA67F9686B}.Release|Any CPU.Deploy.0 = Release|Any CPU
		{4566ADEE-C375-41FF-B293-E9FA67F9686B}.Release|iPhone.ActiveCfg = Release|Any CPU
		{4566ADEE-C375-41FF-B293-E9FA67F9686B}.Release|iPhone.Build.0 = Release|Any CPU
		{4566ADEE-C375-41FF-B293-E9FA67F9686B}.Release|iPhone.Deploy.0 = Release|Any CPU
		{4566ADEE-C375-41FF-B293-E9FA67F9686B}.Release|iPhoneSimulator.ActiveCfg = Release|Any CPU
		{4566ADEE-C375-41FF-B293-E9FA67F9686B}.Release|iPhoneSimulator.Build.0 = Release|Any CPU
		{4566ADEE-C375-41FF-B293-E9FA67F9686B}.Release|iPhoneSimulator.Deploy.0 = Release|Any CPU
		{9B2C616F-A910-47C1-AD22-C550D7D7395B}.Ad-Hoc|Any CPU.ActiveCfg = Ad-Hoc|iPhone
		{9B2C616F-A910-47C1-AD22-C550D7D7395B}.Ad-Hoc|Any CPU.Build.0 = Ad-Hoc|iPhone
		{9B2C616F-A910-47C1-AD22-C550D7D7395B}.Ad-Hoc|Any CPU.Deploy.0 = Ad-Hoc|iPhone
		{9B2C616F-A910-47C1-AD22-C550D7D7395B}.Ad-Hoc|iPhone.ActiveCfg = Ad-Hoc|iPhone
		{9B2C616F-A910-47C1-AD22-C550D7D7395B}.Ad-Hoc|iPhone.Build.0 = Ad-Hoc|iPhone
		{9B2C616F-A910-47C1-AD22-C550D7D7395B}.Ad-Hoc|iPhone.Deploy.0 = Ad-Hoc|iPhone
		{9B2C616F-A910-47C1-AD22-C550D7D7395B}.Ad-Hoc|iPhoneSimulator.ActiveCfg = Ad-Hoc|iPhoneSimulator
		{9B2C616F-A910-47C1-AD22-C550D7D7395B}.Ad-Hoc|iPhoneSimulator.Build.0 = Ad-Hoc|iPhoneSimulator
		{9B2C616F-A910-47C1-AD22-C550D7D7395B}.Ad-Hoc|iPhoneSimulator.Deploy.0 = Ad-Hoc|iPhoneSimulator
		{9B2C616F-A910-47C1-AD22-C550D7D7395B}.AppStore|Any CPU.ActiveCfg = AppStore|iPhone
		{9B2C616F-A910-47C1-AD22-C550D7D7395B}.AppStore|Any CPU.Build.0 = AppStore|iPhone
		{9B2C616F-A910-47C1-AD22-C550D7D7395B}.AppStore|Any CPU.Deploy.0 = AppStore|iPhone
		{9B2C616F-A910-47C1-AD22-C550D7D7395B}.AppStore|iPhone.ActiveCfg = AppStore|iPhone
		{9B2C616F-A910-47C1-AD22-C550D7D7395B}.AppStore|iPhone.Build.0 = AppStore|iPhone
		{9B2C616F-A910-47C1-AD22-C550D7D7395B}.AppStore|iPhone.Deploy.0 = AppStore|iPhone
		{9B2C616F-A910-47C1-AD22-C550D7D7395B}.AppStore|iPhoneSimulator.ActiveCfg = AppStore|iPhoneSimulator
		{9B2C616F-A910-47C1-AD22-C550D7D7395B}.AppStore|iPhoneSimulator.Build.0 = AppStore|iPhoneSimulator
		{9B2C616F-A910-47C1-AD22-C550D7D7395B}.AppStore|iPhoneSimulator.Deploy.0 = AppStore|iPhoneSimulator
		{9B2C616F-A910-47C1-AD22-C550D7D7395B}.Debug|Any CPU.ActiveCfg = Debug|iPhoneSimulator
		{9B2C616F-A910-47C1-AD22-C550D7D7395B}.Debug|Any CPU.Build.0 = Debug|iPhoneSimulator
		{9B2C616F-A910-47C1-AD22-C550D7D7395B}.Debug|Any CPU.Deploy.0 = Debug|iPhoneSimulator
		{9B2C616F-A910-47C1-AD22-C550D7D7395B}.Debug|iPhone.ActiveCfg = Debug|iPhone
		{9B2C616F-A910-47C1-AD22-C550D7D7395B}.Debug|iPhone.Build.0 = Debug|iPhone
		{9B2C616F-A910-47C1-AD22-C550D7D7395B}.Debug|iPhone.Deploy.0 = Debug|iPhone
		{9B2C616F-A910-47C1-AD22-C550D7D7395B}.Debug|iPhoneSimulator.ActiveCfg = Debug|iPhoneSimulator
		{9B2C616F-A910-47C1-AD22-C550D7D7395B}.Debug|iPhoneSimulator.Build.0 = Debug|iPhoneSimulator
		{9B2C616F-A910-47C1-AD22-C550D7D7395B}.Debug|iPhoneSimulator.Deploy.0 = Debug|iPhoneSimulator
		{9B2C616F-A910-47C1-AD22-C550D7D7395B}.Release|Any CPU.ActiveCfg = Release|iPhone
		{9B2C616F-A910-47C1-AD22-C550D7D7395B}.Release|Any CPU.Build.0 = Release|iPhone
		{9B2C616F-A910-47C1-AD22-C550D7D7395B}.Release|Any CPU.Deploy.0 = Release|iPhone
		{9B2C616F-A910-47C1-AD22-C550D7D7395B}.Release|iPhone.ActiveCfg = Release|iPhone
		{9B2C616F-A910-47C1-AD22-C550D7D7395B}.Release|iPhone.Build.0 = Release|iPhone
		{9B2C616F-A910-47C1-AD22-C550D7D7395B}.Release|iPhone.Deploy.0 = Release|iPhone
		{9B2C616F-A910-47C1-AD22-C550D7D7395B}.Release|iPhoneSimulator.ActiveCfg = Release|iPhoneSimulator
		{9B2C616F-A910-47C1-AD22-C550D7D7395B}.Release|iPhoneSimulator.Build.0 = Release|iPhoneSimulator
		{9B2C616F-A910-47C1-AD22-C550D7D7395B}.Release|iPhoneSimulator.Deploy.0 = Release|iPhoneSimulator
		{EEC733B2-3612-4874-B13D-4203EFE9814F}.Ad-Hoc|Any CPU.ActiveCfg = Debug|Any CPU
		{EEC733B2-3612-4874-B13D-4203EFE9814F}.Ad-Hoc|Any CPU.Build.0 = Debug|Any CPU
		{EEC733B2-3612-4874-B13D-4203EFE9814F}.Ad-Hoc|Any CPU.Deploy.0 = Debug|Any CPU
		{EEC733B2-3612-4874-B13D-4203EFE9814F}.Ad-Hoc|iPhone.ActiveCfg = Debug|Any CPU
		{EEC733B2-3612-4874-B13D-4203EFE9814F}.Ad-Hoc|iPhone.Build.0 = Debug|Any CPU
		{EEC733B2-3612-4874-B13D-4203EFE9814F}.Ad-Hoc|iPhone.Deploy.0 = Debug|Any CPU
		{EEC733B2-3612-4874-B13D-4203EFE9814F}.Ad-Hoc|iPhoneSimulator.ActiveCfg = Debug|Any CPU
		{EEC733B2-3612-4874-B13D-4203EFE9814F}.Ad-Hoc|iPhoneSimulator.Build.0 = Debug|Any CPU
		{EEC733B2-3612-4874-B13D-4203EFE9814F}.Ad-Hoc|iPhoneSimulator.Deploy.0 = Debug|Any CPU
		{EEC733B2-3612-4874-B13D-4203EFE9814F}.AppStore|Any CPU.ActiveCfg = Debug|Any CPU
		{EEC733B2-3612-4874-B13D-4203EFE9814F}.AppStore|Any CPU.Build.0 = Debug|Any CPU
		{EEC733B2-3612-4874-B13D-4203EFE9814F}.AppStore|Any CPU.Deploy.0 = Debug|Any CPU
		{EEC733B2-3612-4874-B13D-4203EFE9814F}.AppStore|iPhone.ActiveCfg = Debug|Any CPU
		{EEC733B2-3612-4874-B13D-4203EFE9814F}.AppStore|iPhone.Build.0 = Debug|Any CPU
		{EEC733B2-3612-4874-B13D-4203EFE9814F}.AppStore|iPhone.Deploy.0 = Debug|Any CPU
		{EEC733B2-3612-4874-B13D-4203EFE9814F}.AppStore|iPhoneSimulator.ActiveCfg = Debug|Any CPU
		{EEC733B2-3612-4874-B13D-4203EFE9814F}.AppStore|iPhoneSimulator.Build.0 = Debug|Any CPU
		{EEC733B2-3612-4874-B13D-4203EFE9814F}.AppStore|iPhoneSimulator.Deploy.0 = Debug|Any CPU
		{EEC733B2-3612-4874-B13D-4203EFE9814F}.Debug|Any CPU.ActiveCfg = Debug|Any CPU
		{EEC733B2-3612-4874-B13D-4203EFE9814F}.Debug|Any CPU.Build.0 = Debug|Any CPU
		{EEC733B2-3612-4874-B13D-4203EFE9814F}.Debug|Any CPU.Deploy.0 = Debug|Any CPU
		{EEC733B2-3612-4874-B13D-4203EFE9814F}.Debug|iPhone.ActiveCfg = Debug|Any CPU
		{EEC733B2-3612-4874-B13D-4203EFE9814F}.Debug|iPhone.Build.0 = Debug|Any CPU
		{EEC733B2-3612-4874-B13D-4203EFE9814F}.Debug|iPhone.Deploy.0 = Debug|Any CPU
		{EEC733B2-3612-4874-B13D-4203EFE9814F}.Debug|iPhoneSimulator.ActiveCfg = Debug|Any CPU
		{EEC733B2-3612-4874-B13D-4203EFE9814F}.Debug|iPhoneSimulator.Build.0 = Debug|Any CPU
		{EEC733B2-3612-4874-B13D-4203EFE9814F}.Debug|iPhoneSimulator.Deploy.0 = Debug|Any CPU
		{EEC733B2-3612-4874-B13D-4203EFE9814F}.Release|Any CPU.ActiveCfg = Release|Any CPU
		{EEC733B2-3612-4874-B13D-4203EFE9814F}.Release|Any CPU.Build.0 = Release|Any CPU
		{EEC733B2-3612-4874-B13D-4203EFE9814F}.Release|Any CPU.Deploy.0 = Release|Any CPU
		{EEC733B2-3612-4874-B13D-4203EFE9814F}.Release|iPhone.ActiveCfg = Release|Any CPU
		{EEC733B2-3612-4874-B13D-4203EFE9814F}.Release|iPhone.Build.0 = Release|Any CPU
		{EEC733B2-3612-4874-B13D-4203EFE9814F}.Release|iPhone.Deploy.0 = Release|Any CPU
		{EEC733B2-3612-4874-B13D-4203EFE9814F}.Release|iPhoneSimulator.ActiveCfg = Release|Any CPU
		{EEC733B2-3612-4874-B13D-4203EFE9814F}.Release|iPhoneSimulator.Build.0 = Release|Any CPU
		{EEC733B2-3612-4874-B13D-4203EFE9814F}.Release|iPhoneSimulator.Deploy.0 = Release|Any CPU
	EndGlobalSection
	GlobalSection(SolutionProperties) = preSolution
		HideSolutionNode = FALSE
	EndGlobalSection
	GlobalSection(ExtensibilityGlobals) = postSolution
		SolutionGuid = {93814EC5-74BD-44A6-A5DD-B6CCD86F6F64}
	EndGlobalSection
EndGlobal
